<?xml version="1.0" encoding="utf-8"?>
<Project ToolsVersion="4.0" xmlns="http://schemas.microsoft.com/developer/msbuild/2003">
  <ItemGroup>
    <Filter Include="Source Files">
      <UniqueIdentifier>{4FC737F1-C7A5-4376-A066-2A32D752A2FF}</UniqueIdentifier>
      <Extensions>cpp;c;cc;cxx;c++;cppm;ixx;def;odl;idl;hpj;bat;asm;asmx</Extensions>
    </Filter>
    <Filter Include="Header Files">
      <UniqueIdentifier>{93995380-89BD-4b04-88EB-625FBE52EBFB}</UniqueIdentifier>
      <Extensions>h;hh;hpp;hxx;h++;hm;inl;inc;ipp;xsd</Extensions>
    </Filter>
    <Filter Include="Resource Files">
      <UniqueIdentifier>{67DA6AB6-F800-4c08-8B7A-83BB121AAD01}</UniqueIdentifier>
      <Extensions>rc;ico;cur;bmp;dlg;rc2;rct;bin;rgs;gif;jpg;jpeg;jpe;resx;tiff;tif;png;wav;mfcribbon-ms</Extensions>
    </Filter>
    <Filter Include="Source Files\HIT">
      <UniqueIdentifier>{20339d3c-8132-4727-95af-5cda3712f722}</UniqueIdentifier>
    </Filter>
    <Filter Include="Source Files\Bar-Ilan">
      <UniqueIdentifier>{2b4fddf5-e637-496c-9c63-44e7f9a667ac}</UniqueIdentifier>
    </Filter>
    <Filter Include="Source Files\Bar-Ilan\2021 summer A">
      <UniqueIdentifier>{f3c8a8c9-2c1b-434e-9681-f33b49fdac08}</UniqueIdentifier>
    </Filter>
    <Filter Include="Source Files\HIT\2018 a b">
      <UniqueIdentifier>{364f6304-dce3-4d11-ba66-56ed7f15821b}</UniqueIdentifier>
    </Filter>
    <Filter Include="Source Files\HIT\2019 a b">
      <UniqueIdentifier>{e6ead7b8-6d11-4209-bdce-1f70adf18432}</UniqueIdentifier>
    </Filter>
    <Filter Include="Source Files\Gemini">
      <UniqueIdentifier>{33d1f9d4-21ec-4617-b530-91b98e3c64c0}</UniqueIdentifier>
    </Filter>
    <Filter Include="Source Files\GeeksForGeeks">
      <UniqueIdentifier>{80719ff2-f40b-42ac-ae0e-38eedf80a39d}</UniqueIdentifier>
    </Filter>
    <Filter Include="Source Files\GeeksForGeeks\operator-overloading-gq">
      <UniqueIdentifier>{db7881b1-cab9-4f58-9ea6-99bd32813df6}</UniqueIdentifier>
    </Filter>
  </ItemGroup>
  <ItemGroup>
    <Text Include="OOPTestExamples\Bar-Ilan\2021 summer A\solutions.txt">
      <Filter>Source Files\Bar-Ilan\2021 summer A</Filter>
    </Text>
    <Text Include="OOPTestExamples\HIT\2018 a b\solutions.txt">
      <Filter>Source Files\HIT\2018 a b</Filter>
    </Text>
    <Text Include="OOPTestExamples\HIT\2019 a b\solutions.txt">
      <Filter>Source Files\HIT\2019 a b</Filter>
    </Text>
    <Text Include="OOPTestExamples\Gemini\solutions.txt">
      <Filter>Source Files\Gemini</Filter>
    </Text>
    <Text Include="OOPTestExamples\GeeksForGeeks\operator-overloading-gq\solutions.txt">
      <Filter>Source Files\GeeksForGeeks\operator-overloading-gq</Filter>
    </Text>
  </ItemGroup>
  <ItemGroup>
    <None Include="OOPTestExamples\Bar-Ilan\2021 summer A\test.pdf">
      <Filter>Source Files\Bar-Ilan\2021 summer A</Filter>
    </None>
    <None Include="OOPTestExamples\HIT\2018 a b\2018 a b - sol.pdf">
      <Filter>Source Files\HIT\2018 a b</Filter>
    </None>
    <None Include="OOPTestExamples\HIT\2019 a b\2019 a b - sol.pdf">
      <Filter>Source Files\HIT\2019 a b</Filter>
    </None>
  </ItemGroup>
  <ItemGroup>
    <ClCompile Include="OOPTestExamples\Bar-Ilan\2021 summer A\Questions\Question01.cpp">
      <Filter>Source Files\Bar-Ilan\2021 summer A</Filter>
    </ClCompile>
    <ClCompile Include="OOPTestExamples\Bar-Ilan\2021 summer A\Questions\Question02.cpp">
      <Filter>Source Files\Bar-Ilan\2021 summer A</Filter>
    </ClCompile>
    <ClCompile Include="OOPTestExamples\Bar-Ilan\2021 summer A\Questions\Question03.cpp">
      <Filter>Source Files\Bar-Ilan\2021 summer A</Filter>
    </ClCompile>
    <ClCompile Include="OOPTestExamples\Bar-Ilan\2021 summer A\Questions\Question04.cpp">
      <Filter>Source Files\Bar-Ilan\2021 summer A</Filter>
    </ClCompile>
    <ClCompile Include="OOPTestExamples\Bar-Ilan\2021 summer A\Questions\Question05.cpp">
      <Filter>Source Files\Bar-Ilan\2021 summer A</Filter>
    </ClCompile>
    <ClCompile Include="OOPTestExamples\Bar-Ilan\2021 summer A\Questions\Question06.cpp">
      <Filter>Source Files\Bar-Ilan\2021 summer A</Filter>
    </ClCompile>
    <ClCompile Include="OOPTestExamples\Bar-Ilan\2021 summer A\Questions\Question07.cpp">
      <Filter>Source Files\Bar-Ilan\2021 summer A</Filter>
    </ClCompile>
    <ClCompile Include="OOPTestExamples\Bar-Ilan\2021 summer A\Questions\Question08.cpp">
      <Filter>Source Files\Bar-Ilan\2021 summer A</Filter>
    </ClCompile>
    <ClCompile Include="OOPTestExamples\Bar-Ilan\2021 summer A\Questions\Question09.cpp">
      <Filter>Source Files\Bar-Ilan\2021 summer A</Filter>
    </ClCompile>
    <ClCompile Include="OOPTestExamples\Bar-Ilan\2021 summer A\Questions\Question10.cpp">
      <Filter>Source Files\Bar-Ilan\2021 summer A</Filter>
    </ClCompile>
    <ClCompile Include="OOPTestExamples\Bar-Ilan\2021 summer A\Questions\Question11.cpp">
      <Filter>Source Files\Bar-Ilan\2021 summer A</Filter>
    </ClCompile>
    <ClCompile Include="OOPTestExamples\Bar-Ilan\2021 summer A\Questions\Question12.cpp">
      <Filter>Source Files\Bar-Ilan\2021 summer A</Filter>
    </ClCompile>
    <ClCompile Include="OOPTestExamples\Bar-Ilan\2021 summer A\Questions\Question13.cpp">
      <Filter>Source Files\Bar-Ilan\2021 summer A</Filter>
    </ClCompile>
    <ClCompile Include="OOPTestExamples\Bar-Ilan\2021 summer A\Questions\Question14.cpp">
      <Filter>Source Files\Bar-Ilan\2021 summer A</Filter>
    </ClCompile>
    <ClCompile Include="OOPTestExamples\Bar-Ilan\2021 summer A\Questions\Question15.cpp">
      <Filter>Source Files\Bar-Ilan\2021 summer A</Filter>
    </ClCompile>
    <ClCompile Include="OOPTestExamples\Bar-Ilan\2021 summer A\Questions\Question16.cpp">
      <Filter>Source Files\Bar-Ilan\2021 summer A</Filter>
    </ClCompile>
    <ClCompile Include="OOPTestExamples\Bar-Ilan\2021 summer A\Questions\Question17.cpp">
      <Filter>Source Files\Bar-Ilan\2021 summer A</Filter>
    </ClCompile>
    <ClCompile Include="OOPTestExamples\Bar-Ilan\2021 summer A\Questions\Question18.cpp">
      <Filter>Source Files\Bar-Ilan\2021 summer A</Filter>
    </ClCompile>
    <ClCompile Include="OOPTestExamples\Bar-Ilan\2021 summer A\Questions\Question19.cpp">
      <Filter>Source Files\Bar-Ilan\2021 summer A</Filter>
    </ClCompile>
    <ClCompile Include="OOPTestExamples\Bar-Ilan\2021 summer A\Questions\Question20.cpp">
      <Filter>Source Files\Bar-Ilan\2021 summer A</Filter>
    </ClCompile>
    <ClCompile Include="OOPTestExamples\Bar-Ilan\2021 summer A\Questions\Question21.cpp">
      <Filter>Source Files\Bar-Ilan\2021 summer A</Filter>
    </ClCompile>
    <ClCompile Include="OOPTestExamples\Bar-Ilan\2021 summer A\Questions\Question22.cpp">
      <Filter>Source Files\Bar-Ilan\2021 summer A</Filter>
    </ClCompile>
    <ClCompile Include="OOPTestExamples\Bar-Ilan\2021 summer A\Questions\Question23.cpp">
      <Filter>Source Files\Bar-Ilan\2021 summer A</Filter>
    </ClCompile>
    <ClCompile Include="OOPTestExamples\Bar-Ilan\2021 summer A\Questions\Question24.cpp">
      <Filter>Source Files\Bar-Ilan\2021 summer A</Filter>
    </ClCompile>
    <ClCompile Include="OOPTestExamples\Bar-Ilan\2021 summer A\Questions\Question25.cpp">
      <Filter>Source Files\Bar-Ilan\2021 summer A</Filter>
    </ClCompile>
    <ClCompile Include="OOPTestExamples\HIT\2018 a b\Questions\Question01.cpp">
      <Filter>Source Files\HIT\2018 a b</Filter>
    </ClCompile>
    <ClCompile Include="OOPTestExamples\HIT\2018 a b\Questions\Question02.cpp">
      <Filter>Source Files\HIT\2018 a b</Filter>
    </ClCompile>
    <ClCompile Include="OOPTestExamples\HIT\2018 a b\Questions\Question03.cpp">
      <Filter>Source Files\HIT\2018 a b</Filter>
    </ClCompile>
    <ClCompile Include="OOPTestExamples\HIT\2018 a b\Questions\Question04.cpp">
      <Filter>Source Files\HIT\2018 a b</Filter>
    </ClCompile>
    <ClCompile Include="OOPTestExamples\HIT\2018 a b\Questions\Question05.cpp">
      <Filter>Source Files\HIT\2018 a b</Filter>
    </ClCompile>
    <ClCompile Include="OOPTestExamples\HIT\2018 a b\Questions\Question06.cpp">
      <Filter>Source Files\HIT\2018 a b</Filter>
    </ClCompile>
    <ClCompile Include="OOPTestExamples\HIT\2018 a b\Questions\Question07.cpp">
      <Filter>Source Files\HIT\2018 a b</Filter>
    </ClCompile>
    <ClCompile Include="OOPTestExamples\HIT\2018 a b\Questions\Question08.cpp">
      <Filter>Source Files\HIT\2018 a b</Filter>
    </ClCompile>
    <ClCompile Include="OOPTestExamples\HIT\2018 a b\Questions\Question09.cpp">
      <Filter>Source Files\HIT\2018 a b</Filter>
    </ClCompile>
    <ClCompile Include="OOPTestExamples\HIT\2018 a b\Questions\Question10.cpp">
      <Filter>Source Files\HIT\2018 a b</Filter>
    </ClCompile>
    <ClCompile Include="OOPTestExamples\HIT\2018 a b\Questions\Question11.cpp">
      <Filter>Source Files\HIT\2018 a b</Filter>
    </ClCompile>
    <ClCompile Include="OOPTestExamples\HIT\2018 a b\Questions\Question12.cpp">
      <Filter>Source Files\HIT\2018 a b</Filter>
    </ClCompile>
    <ClCompile Include="OOPTestExamples\HIT\2018 a b\Questions\Question13.cpp">
      <Filter>Source Files\HIT\2018 a b</Filter>
    </ClCompile>
    <ClCompile Include="OOPTestExamples\HIT\2018 a b\Questions\Question14.cpp">
      <Filter>Source Files\HIT\2018 a b</Filter>
    </ClCompile>
    <ClCompile Include="OOPTestExamples\HIT\2018 a b\Questions\Question15.cpp">
      <Filter>Source Files\HIT\2018 a b</Filter>
    </ClCompile>
    <ClCompile Include="OOPTestExamples\HIT\2018 a b\Questions\Question16.cpp">
      <Filter>Source Files\HIT\2018 a b</Filter>
    </ClCompile>
    <ClCompile Include="OOPTestExamples\HIT\2018 a b\Questions\Question17.cpp">
      <Filter>Source Files\HIT\2018 a b</Filter>
    </ClCompile>
    <ClCompile Include="OOPTestExamples\HIT\2018 a b\Questions\Question18.cpp">
      <Filter>Source Files\HIT\2018 a b</Filter>
    </ClCompile>
    <ClCompile Include="OOPTestExamples\HIT\2018 a b\Questions\Question19.cpp">
      <Filter>Source Files\HIT\2018 a b</Filter>
    </ClCompile>
    <ClCompile Include="OOPTestExamples\HIT\2018 a b\Questions\Question20.cpp">
      <Filter>Source Files\HIT\2018 a b</Filter>
    </ClCompile>
    <ClCompile Include="OOPTestExamples\HIT\2018 a b\Questions\Question21.cpp">
      <Filter>Source Files\HIT\2018 a b</Filter>
    </ClCompile>
    <ClCompile Include="OOPTestExamples\HIT\2018 a b\Questions\Question22.cpp">
      <Filter>Source Files\HIT\2018 a b</Filter>
    </ClCompile>
    <ClCompile Include="OOPTestExamples\HIT\2018 a b\Questions\Question23.cpp">
      <Filter>Source Files\HIT\2018 a b</Filter>
    </ClCompile>
    <ClCompile Include="OOPTestExamples\HIT\2018 a b\Questions\Question24.cpp">
      <Filter>Source Files\HIT\2018 a b</Filter>
    </ClCompile>
    <ClCompile Include="OOPTestExamples\HIT\2018 a b\Questions\Question25.cpp">
      <Filter>Source Files\HIT\2018 a b</Filter>
    </ClCompile>
    <ClCompile Include="OOPTestExamples\HIT\2019 a b\Questions\Question01.cpp">
      <Filter>Source Files\HIT\2019 a b</Filter>
    </ClCompile>
    <ClCompile Include="OOPTestExamples\HIT\2019 a b\Questions\Question02.cpp">
      <Filter>Source Files\HIT\2019 a b</Filter>
    </ClCompile>
    <ClCompile Include="OOPTestExamples\HIT\2019 a b\Questions\Question03.cpp">
      <Filter>Source Files\HIT\2019 a b</Filter>
    </ClCompile>
    <ClCompile Include="OOPTestExamples\HIT\2019 a b\Questions\Question04.cpp">
      <Filter>Source Files\HIT\2019 a b</Filter>
    </ClCompile>
    <ClCompile Include="OOPTestExamples\HIT\2019 a b\Questions\Question05.cpp">
      <Filter>Source Files\HIT\2019 a b</Filter>
    </ClCompile>
    <ClCompile Include="OOPTestExamples\HIT\2019 a b\Questions\Question06.cpp">
      <Filter>Source Files\HIT\2019 a b</Filter>
    </ClCompile>
    <ClCompile Include="OOPTestExamples\HIT\2019 a b\Questions\Question07.cpp">
      <Filter>Source Files\HIT\2019 a b</Filter>
    </ClCompile>
    <ClCompile Include="OOPTestExamples\HIT\2019 a b\Questions\Question08.cpp">
      <Filter>Source Files\HIT\2019 a b</Filter>
    </ClCompile>
    <ClCompile Include="OOPTestExamples\HIT\2019 a b\Questions\Question09.cpp">
      <Filter>Source Files\HIT\2019 a b</Filter>
    </ClCompile>
    <ClCompile Include="OOPTestExamples\HIT\2019 a b\Questions\Question10.cpp">
      <Filter>Source Files\HIT\2019 a b</Filter>
    </ClCompile>
    <ClCompile Include="OOPTestExamples\HIT\2019 a b\Questions\Question11.cpp">
      <Filter>Source Files\HIT\2019 a b</Filter>
    </ClCompile>
    <ClCompile Include="OOPTestExamples\HIT\2019 a b\Questions\Question12.cpp">
      <Filter>Source Files\HIT\2019 a b</Filter>
    </ClCompile>
    <ClCompile Include="OOPTestExamples\HIT\2019 a b\Questions\Question13.cpp">
      <Filter>Source Files\HIT\2019 a b</Filter>
    </ClCompile>
    <ClCompile Include="OOPTestExamples\HIT\2019 a b\Questions\Question14.cpp">
      <Filter>Source Files\HIT\2019 a b</Filter>
    </ClCompile>
    <ClCompile Include="OOPTestExamples\HIT\2019 a b\Questions\Question15.cpp">
      <Filter>Source Files\HIT\2019 a b</Filter>
    </ClCompile>
    <ClCompile Include="OOPTestExamples\HIT\2019 a b\Questions\Question16.cpp">
      <Filter>Source Files\HIT\2019 a b</Filter>
    </ClCompile>
    <ClCompile Include="OOPTestExamples\HIT\2019 a b\Questions\Question17.cpp">
      <Filter>Source Files\HIT\2019 a b</Filter>
    </ClCompile>
    <ClCompile Include="OOPTestExamples\HIT\2019 a b\Questions\Question18.cpp">
      <Filter>Source Files\HIT\2019 a b</Filter>
    </ClCompile>
    <ClCompile Include="OOPTestExamples\HIT\2019 a b\Questions\Question19.cpp">
      <Filter>Source Files\HIT\2019 a b</Filter>
    </ClCompile>
    <ClCompile Include="OOPTestExamples\HIT\2019 a b\Questions\Question20.cpp">
      <Filter>Source Files\HIT\2019 a b</Filter>
    </ClCompile>
    <ClCompile Include="OOPTestExamples\HIT\2019 a b\Questions\Question21.cpp">
      <Filter>Source Files\HIT\2019 a b</Filter>
    </ClCompile>
    <ClCompile Include="OOPTestExamples\HIT\2019 a b\Questions\Question22.cpp">
      <Filter>Source Files\HIT\2019 a b</Filter>
    </ClCompile>
    <ClCompile Include="OOPTestExamples\HIT\2019 a b\Questions\Question23.cpp">
      <Filter>Source Files\HIT\2019 a b</Filter>
    </ClCompile>
    <ClCompile Include="OOPTestExamples\HIT\2019 a b\Questions\Question24.cpp">
      <Filter>Source Files\HIT\2019 a b</Filter>
    </ClCompile>
    <ClCompile Include="OOPTestExamples\HIT\2019 a b\Questions\Question25.cpp">
      <Filter>Source Files\HIT\2019 a b</Filter>
    </ClCompile>
    <ClCompile Include="OOPTestExamples\Gemini\Question01.cpp">
      <Filter>Source Files\Gemini</Filter>
    </ClCompile>
    <ClCompile Include="OOPTestExamples\Gemini\Question02.cpp">
      <Filter>Source Files\Gemini</Filter>
    </ClCompile>
    <ClCompile Include="OOPTestExamples\Gemini\Question03.cpp">
      <Filter>Source Files\Gemini</Filter>
    </ClCompile>
    <ClCompile Include="OOPTestExamples\Gemini\Question04.cpp">
      <Filter>Source Files\Gemini</Filter>
    </ClCompile>
    <ClCompile Include="OOPTestExamples\Gemini\Question05.cpp">
      <Filter>Source Files\Gemini</Filter>
    </ClCompile>
    <ClCompile Include="OOPTestExamples\GeeksForGeeks\operator-overloading-gq\Questions\Question01.cpp">
      <Filter>Source Files\GeeksForGeeks\operator-overloading-gq</Filter>
    </ClCompile>
    <ClCompile Include="OOPTestExamples\GeeksForGeeks\operator-overloading-gq\Questions\Question02.cpp">
      <Filter>Source Files\GeeksForGeeks\operator-overloading-gq</Filter>
    </ClCompile>
    <ClCompile Include="OOPTestExamples\GeeksForGeeks\operator-overloading-gq\Questions\Question03.cpp">
      <Filter>Source Files\GeeksForGeeks\operator-overloading-gq</Filter>
    </ClCompile>
    <ClCompile Include="OOPTestExamples\GeeksForGeeks\operator-overloading-gq\Questions\Question04.cpp">
      <Filter>Source Files\GeeksForGeeks\operator-overloading-gq</Filter>
    </ClCompile>
    <ClCompile Include="OOPTestExamples\GeeksForGeeks\operator-overloading-gq\Questions\Question05.cpp">
      <Filter>Source Files\GeeksForGeeks\operator-overloading-gq</Filter>
    </ClCompile>
    <ClCompile Include="OOPTestExamples\GeeksForGeeks\operator-overloading-gq\Questions\Question06.cpp">
      <Filter>Source Files\GeeksForGeeks\operator-overloading-gq</Filter>
    </ClCompile>
    <ClCompile Include="OOPTestExamples\GeeksForGeeks\operator-overloading-gq\Questions\Question07.cpp">
      <Filter>Source Files\GeeksForGeeks\operator-overloading-gq</Filter>
    </ClCompile>
    <ClCompile Include="OOPTestExamples\GeeksForGeeks\operator-overloading-gq\Questions\Question08.cpp">
      <Filter>Source Files\GeeksForGeeks\operator-overloading-gq</Filter>
    </ClCompile>
    <ClCompile Include="OOPTestExamples\GeeksForGeeks\operator-overloading-gq\Questions\Question09.cpp">
      <Filter>Source Files\GeeksForGeeks\operator-overloading-gq</Filter>
    </ClCompile>
    <ClCompile Include="OOPTestExamples\GeeksForGeeks\operator-overloading-gq\Questions\Question10.cpp">
      <Filter>Source Files\GeeksForGeeks\operator-overloading-gq</Filter>
    </ClCompile>
  </ItemGroup>
</Project>